Microsoft Visual Studio Solution File, Format Version 11.00
# Visual Studio 2008

Project("{C925AD40-E072-15F1-A458-5B63EE91CAF8}") = "BomberMan", "Assembly-CSharp-vs.csproj", "{A23C9898-3F15-7173-75EB-EE14334A7A3B}"
EndProject
Project("{C925AD40-E072-15F1-A458-5B63EE91CAF8}") = "BomberMan", "Assembly-CSharp-Editor-vs.csproj", "{0CB4A01B-F023-99FB-32A2-837D3D37FA5D}"
EndProject
Global
	GlobalSection(SolutionConfigurationPlatforms) = preSolution
		Debug|Any CPU = Debug|Any CPU
		Release|Any CPU = Release|Any CPU
	EndGlobalSection
	GlobalSection(ProjectConfigurationPlatforms) = postSolution
		{A23C9898-3F15-7173-75EB-EE14334A7A3B}.Debug|Any CPU.ActiveCfg = Debug|Any CPU
		{A23C9898-3F15-7173-75EB-EE14334A7A3B}.Debug|Any CPU.Build.0 = Debug|Any CPU
		{A23C9898-3F15-7173-75EB-EE14334A7A3B}.Release|Any CPU.ActiveCfg = Release|Any CPU
		{A23C9898-3F15-7173-75EB-EE14334A7A3B}.Release|Any CPU.Build.0 = Release|Any CPU
		{0CB4A01B-F023-99FB-32A2-837D3D37FA5D}.Debug|Any CPU.ActiveCfg = Debug|Any CPU
		{0CB4A01B-F023-99FB-32A2-837D3D37FA5D}.Debug|Any CPU.Build.0 = Debug|Any CPU
		{0CB4A01B-F023-99FB-32A2-837D3D37FA5D}.Release|Any CPU.ActiveCfg = Release|Any CPU
		{0CB4A01B-F023-99FB-32A2-837D3D37FA5D}.Release|Any CPU.Build.0 = Release|Any CPU
	EndGlobalSection
	GlobalSection(SolutionProperties) = preSolution
		HideSolutionNode = FALSE
	EndGlobalSection
																																																																																																																																																																																																																																																																																																	GlobalSection(MonoDevelopProperties) = preSolution
=======
																																												GlobalSection(MonoDevelopProperties) = preSolution
>>>>>>> Stashed changes
=======
																																																GlobalSection(MonoDevelopProperties) = preSolution
>>>>>>> origin/master
=======
																																																GlobalSection(MonoDevelopProperties) = preSolution
>>>>>>> 819544da35db009c781a9f782cbb7cad15fcd7ab
		StartupItem = Assembly-CSharp.csproj
		Policies = $0
		$0.TextStylePolicy = $1
		$1.inheritsSet = null
		$1.scope = text/x-csharp
		$0.CSharpFormattingPolicy = $2
		$2.inheritsSet = Mono
		$2.inheritsScope = text/x-csharp
		$2.scope = text/x-csharp
		$0.TextStylePolicy = $3
		$3.FileWidth = 120
		$3.TabWidth = 4
		$3.EolMarker = Unix
		$3.inheritsSet = Mono
		$3.inheritsScope = text/plain
		$3.scope = text/plain
	EndGlobalSection

EndGlobal
