Microsoft Visual Studio Solution File, Format Version 11.00
# Visual Studio 2008

Project("{561091B3-4FB3-14C3-394C-0FE3D1F384E0}") = "BoomberMan", "Assembly-CSharp-firstpass.csproj", "{8C41EFEF-E02D-71E9-FBDB-FD927941039B}"
EndProject
Project("{561091B3-4FB3-14C3-394C-0FE3D1F384E0}") = "BoomberMan", "Assembly-CSharp.csproj", "{476AA63A-677D-C265-6020-2726008E8568}"
EndProject
Project("{561091B3-4FB3-14C3-394C-0FE3D1F384E0}") = "BoomberMan", "Assembly-UnityScript-firstpass.unityproj", "{2ADCF863-7FC1-243E-52AC-FD02ECF1AD0B}"
EndProject
Global
	GlobalSection(SolutionConfigurationPlatforms) = preSolution
		Debug|Any CPU = Debug|Any CPU
		Release|Any CPU = Release|Any CPU
	EndGlobalSection
	GlobalSection(ProjectConfigurationPlatforms) = postSolution
		{8C41EFEF-E02D-71E9-FBDB-FD927941039B}.Debug|Any CPU.ActiveCfg = Debug|Any CPU
		{8C41EFEF-E02D-71E9-FBDB-FD927941039B}.Debug|Any CPU.Build.0 = Debug|Any CPU
		{8C41EFEF-E02D-71E9-FBDB-FD927941039B}.Release|Any CPU.ActiveCfg = Release|Any CPU
		{8C41EFEF-E02D-71E9-FBDB-FD927941039B}.Release|Any CPU.Build.0 = Release|Any CPU
		{476AA63A-677D-C265-6020-2726008E8568}.Debug|Any CPU.ActiveCfg = Debug|Any CPU
		{476AA63A-677D-C265-6020-2726008E8568}.Debug|Any CPU.Build.0 = Debug|Any CPU
		{476AA63A-677D-C265-6020-2726008E8568}.Release|Any CPU.ActiveCfg = Release|Any CPU
		{476AA63A-677D-C265-6020-2726008E8568}.Release|Any CPU.Build.0 = Release|Any CPU
		{2ADCF863-7FC1-243E-52AC-FD02ECF1AD0B}.Debug|Any CPU.ActiveCfg = Debug|Any CPU
		{2ADCF863-7FC1-243E-52AC-FD02ECF1AD0B}.Debug|Any CPU.Build.0 = Debug|Any CPU
		{2ADCF863-7FC1-243E-52AC-FD02ECF1AD0B}.Release|Any CPU.ActiveCfg = Release|Any CPU
		{2ADCF863-7FC1-243E-52AC-FD02ECF1AD0B}.Release|Any CPU.Build.0 = Release|Any CPU
	EndGlobalSection
	GlobalSection(SolutionProperties) = preSolution
		HideSolutionNode = FALSE
	EndGlobalSection
																																																																														GlobalSection(MonoDevelopProperties) = preSolution
		StartupItem = Assembly-CSharp.csproj
		Policies = $0
		$0.TextStylePolicy = $1
		$1.inheritsSet = null
		$1.scope = text/x-csharp
		$0.CSharpFormattingPolicy = $2
		$2.inheritsSet = Mono
		$2.inheritsScope = text/x-csharp
		$2.scope = text/x-csharp
		$0.TextStylePolicy = $3
		$3.FileWidth = 120
		$3.TabWidth = 4
		$3.EolMarker = Unix
		$3.inheritsSet = Mono
		$3.inheritsScope = text/plain
		$3.scope = text/plain
	EndGlobalSection

EndGlobal
